
Microsoft Visual Studio Solution File, Format Version 12.00
# Visual Studio Version 17
VisualStudioVersion = 17.7.34031.279
MinimumVisualStudioVersion = 10.0.40219.1
Project("{9A19103F-16F7-4668-BE54-9A1E7A4F7556}") = "last try api", "last try api.csproj", "{7B0D0383-135B-4B64-9648-907098271A6C}"
EndProject
Project("{9A19103F-16F7-4668-BE54-9A1E7A4F7556}") = "Complaint Application", "..\Complaint-Application\Complaint Application.csproj", "{B43479A3-E482-4A20-9A54-0EA723F7DE49}"
EndProject
Global
	GlobalSection(SolutionConfigurationPlatforms) = preSolution
		Debug|Any CPU = Debug|Any CPU
		Release|Any CPU = Release|Any CPU
	EndGlobalSection
	GlobalSection(ProjectConfigurationPlatforms) = postSolution
		{7B0D0383-135B-4B64-9648-907098271A6C}.Debug|Any CPU.ActiveCfg = Debug|Any CPU
		{7B0D0383-135B-4B64-9648-907098271A6C}.Debug|Any CPU.Build.0 = Debug|Any CPU
		{7B0D0383-135B-4B64-9648-907098271A6C}.Release|Any CPU.ActiveCfg = Release|Any CPU
		{7B0D0383-135B-4B64-9648-907098271A6C}.Release|Any CPU.Build.0 = Release|Any CPU
		{B43479A3-E482-4A20-9A54-0EA723F7DE49}.Debug|Any CPU.ActiveCfg = Debug|Any CPU
		{B43479A3-E482-4A20-9A54-0EA723F7DE49}.Debug|Any CPU.Build.0 = Debug|Any CPU
		{B43479A3-E482-4A20-9A54-0EA723F7DE49}.Release|Any CPU.ActiveCfg = Release|Any CPU
		{B43479A3-E482-4A20-9A54-0EA723F7DE49}.Release|Any CPU.Build.0 = Release|Any CPU
	EndGlobalSection
	GlobalSection(SolutionProperties) = preSolution
		HideSolutionNode = FALSE
	EndGlobalSection
	GlobalSection(ExtensibilityGlobals) = postSolution
		SolutionGuid = {0D4ADD67-9453-4129-AA0F-01F8BD76E75A}
	EndGlobalSection
EndGlobal
